{
  "version": 1,
  "dependencies": {
    ".NETStandard,Version=v2.0": {
      "JetBrains.Annotations": {
        "type": "Direct",
        "requested": "[2020.3.0, )",
        "resolved": "2020.3.0",
        "contentHash": "FnX06vtxuoZnhZdR6UHt5kJ7HUC/syODfGLnhPDn1x5sXvvepNyCl4jMtPUzJfsPWh7q0Jo+AIYz5xaVbbyikA=="
      },
      "Microsoft.SourceLink.GitHub": {
        "type": "Direct",
        "requested": "[1.0.0, )",
        "resolved": "1.0.0",
        "contentHash": "aZyGyGg2nFSxix+xMkPmlmZSsnGQ3w+mIG23LTxJZHN+GPwTQ5FpPgDo7RMOq+Kcf5D4hFWfXkGhoGstawX13Q==",
        "dependencies": {
          "Microsoft.Build.Tasks.Git": "1.0.0",
          "Microsoft.SourceLink.Common": "1.0.0"
        }
      },
      "NETStandard.Library": {
        "type": "Direct",
        "requested": "[2.0.3, )",
        "resolved": "2.0.3",
        "contentHash": "st47PosZSHrjECdjeIzZQbzivYBJFv6P2nv4cj2ypdI204DO+vZ7l5raGMiX4eXMJ53RfOIg+/s4DHVZ54Nu2A==",
        "dependencies": {
          "Microsoft.NETCore.Platforms": "1.1.0"
        }
      },
      "System.Data.SqlClient": {
        "type": "Direct",
        "requested": "[4.8.1, )",
        "resolved": "4.8.1",
        "contentHash": "HKLykcv6eZLbLnSMnlQ6Os4+UAmFE+AgYm92CTvJYeTOBtOYusX3qu8OoGhFrnKZax91UcLcDo5vPrqvJUTSNQ==",
        "dependencies": {
          "Microsoft.Win32.Registry": "4.7.0",
          "System.Buffers": "4.5.0",
          "System.Diagnostics.DiagnosticSource": "4.7.0",
          "System.Memory": "4.5.3",
          "System.Security.Principal.Windows": "4.7.0",
          "System.Text.Encoding.CodePages": "4.7.0",
          "runtime.native.System.Data.SqlClient.sni": "4.7.0"
        }
      },
      "Microsoft.Build.Tasks.Git": {
        "type": "Transitive",
        "resolved": "1.0.0",
        "contentHash": "z2fpmmt+1Jfl+ZnBki9nSP08S1/tbEOxFdsK1rSR+LBehIJz1Xv9/6qOOoGNqlwnAGGVGis1Oj6S8Kt9COEYlQ=="
      },
      "Microsoft.NETCore.Platforms": {
        "type": "Transitive",
        "resolved": "1.1.0",
        "contentHash": "kz0PEW2lhqygehI/d6XsPCQzD7ff7gUJaVGPVETX611eadGsA3A877GdSlU0LRVMCTH/+P3o2iDTak+S08V2+A=="
      },
      "Microsoft.SourceLink.Common": {
        "type": "Transitive",
        "resolved": "1.0.0",
        "contentHash": "G8DuQY8/DK5NN+3jm5wcMcd9QYD90UV7MiLmdljSJixi3U/vNaeBKmmXUqI4DJCOeWizIUEh4ALhSt58mR+5eg=="
      },
      "Microsoft.Win32.Registry": {
        "type": "Transitive",
        "resolved": "4.7.0",
        "contentHash": "KSrRMb5vNi0CWSGG1++id2ZOs/1QhRqROt+qgbEAdQuGjGrFcl4AOl4/exGPUYz2wUnU42nvJqon1T3U0kPXLA==",
        "dependencies": {
          "System.Buffers": "4.5.0",
          "System.Memory": "4.5.3",
          "System.Security.AccessControl": "4.7.0",
          "System.Security.Principal.Windows": "4.7.0"
        }
      },
      "runtime.native.System.Data.SqlClient.sni": {
        "type": "Transitive",
        "resolved": "4.7.0",
        "contentHash": "9kyFSIdN3T0qjDQ2R0HRXYIhS3l5psBzQi6qqhdLz+SzFyEy4sVxNOke+yyYv8Cu8rPER12c3RDjLT8wF3WBYQ==",
        "dependencies": {
          "runtime.win-arm64.runtime.native.System.Data.SqlClient.sni": "4.4.0",
          "runtime.win-x64.runtime.native.System.Data.SqlClient.sni": "4.4.0",
          "runtime.win-x86.runtime.native.System.Data.SqlClient.sni": "4.4.0"
        }
      },
      "runtime.win-arm64.runtime.native.System.Data.SqlClient.sni": {
        "type": "Transitive",
        "resolved": "4.4.0",
        "contentHash": "LbrynESTp3bm5O/+jGL8v0Qg5SJlTV08lpIpFesXjF6uGNMWqFnUQbYBJwZTeua6E/Y7FIM1C54Ey1btLWupdg=="
      },
      "runtime.win-x64.runtime.native.System.Data.SqlClient.sni": {
        "type": "Transitive",
        "resolved": "4.4.0",
        "contentHash": "38ugOfkYJqJoX9g6EYRlZB5U2ZJH51UP8ptxZgdpS07FgOEToV+lS11ouNK2PM12Pr6X/PpT5jK82G3DwH/SxQ=="
      },
      "runtime.win-x86.runtime.native.System.Data.SqlClient.sni": {
        "type": "Transitive",
        "resolved": "4.4.0",
        "contentHash": "YhEdSQUsTx+C8m8Bw7ar5/VesXvCFMItyZF7G1AUY+OM0VPZUOeAVpJ4Wl6fydBGUYZxojTDR3I6Bj/+BPkJNA=="
      },
      "System.Buffers": {
        "type": "Transitive",
        "resolved": "4.5.0",
        "contentHash": "pL2ChpaRRWI/p4LXyy4RgeWlYF2sgfj/pnVMvBqwNFr5cXg7CXNnWZWxrOONLg8VGdFB8oB+EG2Qw4MLgTOe+A=="
      },
      "System.Diagnostics.DiagnosticSource": {
        "type": "Transitive",
        "resolved": "4.7.0",
        "contentHash": "oJjw3uFuVDJiJNbCD8HB4a2p3NYLdt1fiT5OGsPLw+WTOuG0KpP4OXelMmmVKpClueMsit6xOlzy4wNKQFiBLg==",
        "dependencies": {
          "System.Memory": "4.5.3"
        }
      },
      "System.Memory": {
        "type": "Transitive",
        "resolved": "4.5.3",
        "contentHash": "3oDzvc/zzetpTKWMShs1AADwZjQ/36HnsufHRPcOjyRAAMLDlu2iD33MBI2opxnezcVUtXyqDXXjoFMOU9c7SA==",
        "dependencies": {
          "System.Buffers": "4.4.0",
          "System.Numerics.Vectors": "4.4.0",
          "System.Runtime.CompilerServices.Unsafe": "4.5.2"
        }
      },
      "System.Numerics.Vectors": {
        "type": "Transitive",
        "resolved": "4.4.0",
        "contentHash": "UiLzLW+Lw6HLed1Hcg+8jSRttrbuXv7DANVj0DkL9g6EnnzbL75EB7EWsw5uRbhxd/4YdG8li5XizGWepmG3PQ=="
      },
      "System.Runtime.CompilerServices.Unsafe": {
        "type": "Transitive",
        "resolved": "4.7.0",
        "contentHash": "IpU1lcHz8/09yDr9N+Juc7SCgNUz+RohkCQI+KsWKR67XxpFr8Z6c8t1iENCXZuRuNCc4HBwme/MDHNVCwyAKg=="
      },
      "System.Security.AccessControl": {
        "type": "Transitive",
        "resolved": "4.7.0",
        "contentHash": "JECvTt5aFF3WT3gHpfofL2MNNP6v84sxtXxpqhLBCcDRzqsPBmHhQ6shv4DwwN2tRlzsUxtb3G9M3763rbXKDg==",
        "dependencies": {
          "System.Security.Principal.Windows": "4.7.0"
        }
      },
      "System.Security.Principal.Windows": {
        "type": "Transitive",
        "resolved": "4.7.0",
        "contentHash": "ojD0PX0XhneCsUbAZVKdb7h/70vyYMDYs85lwEI+LngEONe/17A0cFaRFqZU+sOEidcVswYWikYOQ9PPfjlbtQ=="
      },
      "System.Text.Encoding.CodePages": {
        "type": "Transitive",
        "resolved": "4.7.0",
        "contentHash": "aeu4FlaUTemuT1qOd1MyU4T516QR4Fy+9yDbwWMPHOHy7U8FD6SgTzdZFO7gHcfAPHtECqInbwklVvUK4RHcNg==",
        "dependencies": {
          "System.Runtime.CompilerServices.Unsafe": "4.7.0"
        }
      }
    }
  }
}